
Microsoft Visual Studio Solution File, Format Version 12.00
#
Project("{FAE04EC0-301F-11D3-BF4B-00C04F79EFBC}") = "CodeFusion", "CodeFusion\CodeFusion.csproj", "{64815CE1-D02E-482D-9F94-116431377778}"
EndProject
Project("{FAE04EC0-301F-11D3-BF4B-00C04F79EFBC}") = "CodeFusion.ASM", "CodeFusion.ASM\CodeFusion.ASM.csproj", "{CBE7FCA1-0627-445E-B07B-B5FE0F5EB39B}"
EndProject
Project("{FAE04EC0-301F-11D3-BF4B-00C04F79EFBC}") = "CodeFusion.Dump", "CodeFusion.Dump\CodeFusion.Dump.csproj", "{1BA5D0D5-C294-4C3A-B914-BC513C1B81E8}"
EndProject
Project("{FAE04EC0-301F-11D3-BF4B-00C04F79EFBC}") = "CodeFusion.Builder", "CodeFusion.Builder\CodeFusion.Builder.csproj", "{788F0928-A514-4287-A127-ABA42F5D1CE3}"
EndProject
Project("{FAE04EC0-301F-11D3-BF4B-00C04F79EFBC}") = "Runtime", "Runtime\Runtime.csproj", "{A3426562-AFDA-400D-AA28-311B68B410D7}"
EndProject
Project("{FAE04EC0-301F-11D3-BF4B-00C04F79EFBC}") = "Runtime.Test", "Runtime.Test\Runtime.Test.csproj", "{FE43F94B-F871-420E-8329-19238147B14A}"
EndProject
Project("{FAE04EC0-301F-11D3-BF4B-00C04F79EFBC}") = "ISC", "ISC\ISC.csproj", "{5C98E01F-B89C-49C0-93CB-10EE763DEC63}"
EndProject
Global
	GlobalSection(SolutionConfigurationPlatforms) = preSolution
		Debug|Any CPU = Debug|Any CPU
		Release|Any CPU = Release|Any CPU
	EndGlobalSection
	GlobalSection(ProjectConfigurationPlatforms) = postSolution
		{64815CE1-D02E-482D-9F94-116431377778}.Debug|Any CPU.ActiveCfg = Debug|Any CPU
		{64815CE1-D02E-482D-9F94-116431377778}.Debug|Any CPU.Build.0 = Debug|Any CPU
		{64815CE1-D02E-482D-9F94-116431377778}.Release|Any CPU.ActiveCfg = Release|Any CPU
		{64815CE1-D02E-482D-9F94-116431377778}.Release|Any CPU.Build.0 = Release|Any CPU
		{CBE7FCA1-0627-445E-B07B-B5FE0F5EB39B}.Debug|Any CPU.ActiveCfg = Debug|Any CPU
		{CBE7FCA1-0627-445E-B07B-B5FE0F5EB39B}.Debug|Any CPU.Build.0 = Debug|Any CPU
		{CBE7FCA1-0627-445E-B07B-B5FE0F5EB39B}.Release|Any CPU.ActiveCfg = Release|Any CPU
		{CBE7FCA1-0627-445E-B07B-B5FE0F5EB39B}.Release|Any CPU.Build.0 = Release|Any CPU
		{1BA5D0D5-C294-4C3A-B914-BC513C1B81E8}.Debug|Any CPU.ActiveCfg = Debug|Any CPU
		{1BA5D0D5-C294-4C3A-B914-BC513C1B81E8}.Debug|Any CPU.Build.0 = Debug|Any CPU
		{1BA5D0D5-C294-4C3A-B914-BC513C1B81E8}.Release|Any CPU.ActiveCfg = Release|Any CPU
		{1BA5D0D5-C294-4C3A-B914-BC513C1B81E8}.Release|Any CPU.Build.0 = Release|Any CPU
		{788F0928-A514-4287-A127-ABA42F5D1CE3}.Debug|Any CPU.ActiveCfg = Debug|Any CPU
		{788F0928-A514-4287-A127-ABA42F5D1CE3}.Debug|Any CPU.Build.0 = Debug|Any CPU
		{788F0928-A514-4287-A127-ABA42F5D1CE3}.Release|Any CPU.ActiveCfg = Release|Any CPU
		{788F0928-A514-4287-A127-ABA42F5D1CE3}.Release|Any CPU.Build.0 = Release|Any CPU
		{A3426562-AFDA-400D-AA28-311B68B410D7}.Debug|Any CPU.ActiveCfg = Debug|Any CPU
		{A3426562-AFDA-400D-AA28-311B68B410D7}.Debug|Any CPU.Build.0 = Debug|Any CPU
		{A3426562-AFDA-400D-AA28-311B68B410D7}.Release|Any CPU.ActiveCfg = Release|Any CPU
		{A3426562-AFDA-400D-AA28-311B68B410D7}.Release|Any CPU.Build.0 = Release|Any CPU
		{FE43F94B-F871-420E-8329-19238147B14A}.Debug|Any CPU.ActiveCfg = Debug|Any CPU
		{FE43F94B-F871-420E-8329-19238147B14A}.Debug|Any CPU.Build.0 = Debug|Any CPU
		{FE43F94B-F871-420E-8329-19238147B14A}.Release|Any CPU.ActiveCfg = Release|Any CPU
		{FE43F94B-F871-420E-8329-19238147B14A}.Release|Any CPU.Build.0 = Release|Any CPU
		{5C98E01F-B89C-49C0-93CB-10EE763DEC63}.Debug|Any CPU.ActiveCfg = Debug|Any CPU
		{5C98E01F-B89C-49C0-93CB-10EE763DEC63}.Debug|Any CPU.Build.0 = Debug|Any CPU
		{5C98E01F-B89C-49C0-93CB-10EE763DEC63}.Release|Any CPU.ActiveCfg = Release|Any CPU
		{5C98E01F-B89C-49C0-93CB-10EE763DEC63}.Release|Any CPU.Build.0 = Release|Any CPU
	EndGlobalSection
EndGlobal
